<?xml version="1.0" encoding="utf-8"?>
<Project ToolsVersion="4.0" xmlns="http://schemas.microsoft.com/developer/msbuild/2003">
  <ItemGroup>
    <ClCompile Include="Example_01.cpp">
      <Filter>Lesson\01. 프로젝트 생성 + 입출력</Filter>
    </ClCompile>
    <ClCompile Include="Example_02.cpp">
      <Filter>Lesson\02. 자료형 + 변수 + 난수%28C++11↓%29</Filter>
    </ClCompile>
    <ClCompile Include="Example_03.cpp">
      <Filter>Lesson\03. 연산자 + 반복문</Filter>
    </ClCompile>
    <ClCompile Include="Example_04.cpp">
      <Filter>Lesson\04. 조건문</Filter>
    </ClCompile>
    <ClCompile Include="Example_04_B.cpp">
      <Filter>Lesson\04. 조건문</Filter>
    </ClCompile>
    <ClCompile Include="Example_05.cpp">
      <Filter>Lesson\05. 함수 + 변/상수 + 전처리기</Filter>
    </ClCompile>
    <ClCompile Include="Example_05_B.cpp">
      <Filter>Lesson\05. 함수 + 변/상수 + 전처리기</Filter>
    </ClCompile>
    <ClCompile Include="Example_06.cpp">
      <Filter>Lesson\06. 배열</Filter>
    </ClCompile>
    <ClCompile Include="Example_06_B.cpp">
      <Filter>Lesson\06. 배열</Filter>
    </ClCompile>
    <ClCompile Include="Example_07.cpp">
      <Filter>Lesson\07. 삼항연산자 + 문자열 + 오버로딩</Filter>
    </ClCompile>
    <ClCompile Include="Example_07_B.cpp">
      <Filter>Lesson\07. 삼항연산자 + 문자열 + 오버로딩</Filter>
    </ClCompile>
    <ClCompile Include="Example_08.cpp">
      <Filter>Lesson\08. 사용자정의자료형</Filter>
    </ClCompile>
    <ClCompile Include="Example_08_EnumClass.cpp">
      <Filter>Lesson\08. 사용자정의자료형</Filter>
    </ClCompile>
    <ClCompile Include="Example_08_Enum.cpp">
      <Filter>Lesson\08. 사용자정의자료형</Filter>
    </ClCompile>
    <ClCompile Include="Example_08_Struct.cpp">
      <Filter>Lesson\08. 사용자정의자료형</Filter>
    </ClCompile>
    <ClCompile Include="Example_09.cpp">
      <Filter>Lesson\09. 포인터</Filter>
    </ClCompile>
    <ClCompile Include="Example_09_Pointer.cpp">
      <Filter>Lesson\09. 포인터</Filter>
    </ClCompile>
    <ClCompile Include="Example_09_ArrayPointer.cpp">
      <Filter>Lesson\09. 포인터</Filter>
    </ClCompile>
    <ClCompile Include="Example_09_CallByRef.cpp">
      <Filter>Lesson\09. 포인터</Filter>
    </ClCompile>
    <ClCompile Include="Example_10.cpp">
      <Filter>Lesson\10. 동적할당 + 클래스</Filter>
    </ClCompile>
    <ClCompile Include="Example_10_Class.cpp">
      <Filter>Lesson\10. 동적할당 + 클래스</Filter>
    </ClCompile>
    <ClCompile Include="Example_10_Constructor.cpp">
      <Filter>Lesson\10. 동적할당 + 클래스</Filter>
    </ClCompile>
    <ClCompile Include="Example_10_Destructor.cpp">
      <Filter>Lesson\10. 동적할당 + 클래스</Filter>
    </ClCompile>
    <ClCompile Include="Example_10_Class_GetterSetter.cpp">
      <Filter>Lesson\10. 동적할당 + 클래스</Filter>
    </ClCompile>
    <ClCompile Include="Example_11.cpp">
      <Filter>Lesson\11. 복사생성자 + 상속 + static/extern + 헤더</Filter>
    </ClCompile>
    <ClCompile Include="Example_11_StaticVariable.cpp">
      <Filter>Lesson\11. 복사생성자 + 상속 + static/extern + 헤더</Filter>
    </ClCompile>
    <ClCompile Include="Example_11_Extern.cpp">
      <Filter>Lesson\11. 복사생성자 + 상속 + static/extern + 헤더</Filter>
    </ClCompile>
    <ClCompile Include="Example_11_CopyConstructor.cpp">
      <Filter>Lesson\11. 복사생성자 + 상속 + static/extern + 헤더</Filter>
    </ClCompile>
    <ClCompile Include="Example_11_Inheritance.cpp">
      <Filter>Lesson\11. 복사생성자 + 상속 + static/extern + 헤더</Filter>
    </ClCompile>
    <ClCompile Include="Example_11_HeaderPrac_Mage.cpp">
      <Filter>Lesson\11. 복사생성자 + 상속 + static/extern + 헤더\헤더 연습\소스 파일</Filter>
    </ClCompile>
    <ClCompile Include="Example_11_HeaderPrac_main.cpp">
      <Filter>Lesson\11. 복사생성자 + 상속 + static/extern + 헤더\헤더 연습\소스 파일</Filter>
    </ClCompile>
    <ClCompile Include="Example_11_HeaderPrac_Unit.cpp">
      <Filter>Lesson\11. 복사생성자 + 상속 + static/extern + 헤더\헤더 연습\소스 파일</Filter>
    </ClCompile>
    <ClCompile Include="Example_11_HeaderPrac_Warrior.cpp">
      <Filter>Lesson\11. 복사생성자 + 상속 + static/extern + 헤더\헤더 연습\소스 파일</Filter>
    </ClCompile>
    <ClCompile Include="Example_12.cpp">
      <Filter>Lesson\12. 추상클래스</Filter>
    </ClCompile>
    <ClCompile Include="Example_12_Vehicle.cpp">
      <Filter>Lesson\12. 추상클래스\VirtualFunction\소스 파일</Filter>
    </ClCompile>
    <ClCompile Include="Example_12_Bike.cpp">
      <Filter>Lesson\12. 추상클래스\VirtualFunction\소스 파일</Filter>
    </ClCompile>
    <ClCompile Include="Example_12_Car.cpp">
      <Filter>Lesson\12. 추상클래스\VirtualFunction\소스 파일</Filter>
    </ClCompile>
    <ClCompile Include="Example_12_VF_Main.cpp">
      <Filter>Lesson\12. 추상클래스\VirtualFunction\소스 파일</Filter>
    </ClCompile>
    <ClCompile Include="Example_12_Binding.cpp">
      <Filter>Lesson\12. 추상클래스</Filter>
    </ClCompile>
    <ClCompile Include="Example_12_AbstractUnit.cpp">
      <Filter>Lesson\12. 추상클래스\Abstract\소스 파일</Filter>
    </ClCompile>
    <ClCompile Include="Example_12_Abstract_Main.cpp">
      <Filter>Lesson\12. 추상클래스\Abstract\소스 파일</Filter>
    </ClCompile>
    <ClCompile Include="Example_12_AbstractPlayer.cpp">
      <Filter>Lesson\12. 추상클래스\Abstract\소스 파일</Filter>
    </ClCompile>
    <ClCompile Include="Example_13.cpp">
      <Filter>Lesson\13</Filter>
    </ClCompile>
    <ClCompile Include="Example_13_UpDown.cpp">
      <Filter>Lesson\13</Filter>
    </ClCompile>
    <ClCompile Include="Example_13_Template.cpp">
      <Filter>Lesson\13</Filter>
    </ClCompile>
    <ClCompile Include="Example_13_Template_01.cpp">
      <Filter>Lesson\13</Filter>
    </ClCompile>
  </ItemGroup>
  <ItemGroup>
    <Filter Include="Lesson">
      <UniqueIdentifier>{36dabe97-f04d-45e7-ba73-212f250e9cee}</UniqueIdentifier>
    </Filter>
    <Filter Include="Lesson\01. 프로젝트 생성 + 입출력">
      <UniqueIdentifier>{1873ccd6-11bf-43c2-a026-61efeeb2aabd}</UniqueIdentifier>
    </Filter>
    <Filter Include="Lesson\02. 자료형 + 변수 + 난수%28C++11↓%29">
      <UniqueIdentifier>{d563f7ef-5a8c-4f4d-a620-347abc238d4e}</UniqueIdentifier>
    </Filter>
    <Filter Include="Lesson\03. 연산자 + 반복문">
      <UniqueIdentifier>{886c48af-c555-4ce2-bc0e-01fcbadbde4b}</UniqueIdentifier>
    </Filter>
    <Filter Include="Lesson\04. 조건문">
      <UniqueIdentifier>{2feb6d34-bdde-4dd1-a4df-4ddd0ea00fa3}</UniqueIdentifier>
    </Filter>
    <Filter Include="Lesson\05. 함수 + 변/상수 + 전처리기">
      <UniqueIdentifier>{359efa3e-8ccf-4069-8e9b-94648fd7e56d}</UniqueIdentifier>
    </Filter>
    <Filter Include="Lesson\06. 배열">
      <UniqueIdentifier>{226ddb12-d5a0-4c0f-bae3-8d058684ab84}</UniqueIdentifier>
    </Filter>
    <Filter Include="Lesson\07. 삼항연산자 + 문자열 + 오버로딩">
      <UniqueIdentifier>{626f32ef-1b61-4152-879c-fb0dbaa76154}</UniqueIdentifier>
    </Filter>
    <Filter Include="Lesson\08. 사용자정의자료형">
      <UniqueIdentifier>{b49d0569-99ed-4de0-b2ef-7e16c399478c}</UniqueIdentifier>
    </Filter>
    <Filter Include="Lesson\09. 포인터">
      <UniqueIdentifier>{4fac2b25-93f4-4eee-b7b6-bd1ce8dcef8c}</UniqueIdentifier>
    </Filter>
    <Filter Include="Lesson\10. 동적할당 + 클래스">
      <UniqueIdentifier>{5f677a4e-95aa-42b2-b7f5-01142742d967}</UniqueIdentifier>
    </Filter>
    <Filter Include="Lesson\11. 복사생성자 + 상속 + static/extern + 헤더">
      <UniqueIdentifier>{20ffbb92-356b-4195-8100-06b2fe70e3eb}</UniqueIdentifier>
    </Filter>
    <Filter Include="Lesson\11. 복사생성자 + 상속 + static/extern + 헤더\헤더 연습">
      <UniqueIdentifier>{3d809a96-e098-4488-82d7-c38f4e79af7c}</UniqueIdentifier>
    </Filter>
    <Filter Include="Lesson\11. 복사생성자 + 상속 + static/extern + 헤더\헤더 연습\소스 파일">
      <UniqueIdentifier>{ac39992e-695f-4943-b4f1-6f058fc57da8}</UniqueIdentifier>
    </Filter>
    <Filter Include="Lesson\11. 복사생성자 + 상속 + static/extern + 헤더\헤더 연습\헤더 파일">
      <UniqueIdentifier>{ba825f17-e597-4933-bdad-8733d4dca81c}</UniqueIdentifier>
    </Filter>
    <Filter Include="Lesson\12. 추상클래스">
      <UniqueIdentifier>{373d02a6-dcf0-4fcb-b83b-be0fbbd3d658}</UniqueIdentifier>
    </Filter>
    <Filter Include="Lesson\12. 추상클래스\VirtualFunction">
      <UniqueIdentifier>{3c903426-dfa8-43dd-8d06-cab19a3a84e7}</UniqueIdentifier>
    </Filter>
    <Filter Include="Lesson\12. 추상클래스\VirtualFunction\소스 파일">
      <UniqueIdentifier>{71cf7444-ac12-4f09-b72d-c24dfd8542b9}</UniqueIdentifier>
    </Filter>
    <Filter Include="Lesson\12. 추상클래스\VirtualFunction\헤더 파일">
      <UniqueIdentifier>{8c9ebdf7-e517-4ab6-b231-12358aebbda6}</UniqueIdentifier>
    </Filter>
    <Filter Include="Lesson\12. 추상클래스\Abstract">
      <UniqueIdentifier>{4ec1047d-9730-4cc9-ae25-f60e8048311d}</UniqueIdentifier>
    </Filter>
    <Filter Include="Lesson\12. 추상클래스\Abstract\소스 파일">
      <UniqueIdentifier>{981257ce-ddde-4e10-af29-79dd81777642}</UniqueIdentifier>
    </Filter>
    <Filter Include="Lesson\12. 추상클래스\Abstract\헤더 파일">
      <UniqueIdentifier>{9a333817-f59d-420c-a6cf-2fccaaf21f54}</UniqueIdentifier>
    </Filter>
    <Filter Include="Lesson\13">
      <UniqueIdentifier>{9462ebe9-e2fb-422e-90a5-b2905b18870d}</UniqueIdentifier>
    </Filter>
  </ItemGroup>
  <ItemGroup>
    <ClInclude Include="Example_11_HeaderPrac_Mage.h">
      <Filter>Lesson\11. 복사생성자 + 상속 + static/extern + 헤더\헤더 연습\헤더 파일</Filter>
    </ClInclude>
    <ClInclude Include="Example_11_HeaderPrac_Unit.h">
      <Filter>Lesson\11. 복사생성자 + 상속 + static/extern + 헤더\헤더 연습\헤더 파일</Filter>
    </ClInclude>
    <ClInclude Include="Example_11_HeaderPrac_Warrior.h">
      <Filter>Lesson\11. 복사생성자 + 상속 + static/extern + 헤더\헤더 연습\헤더 파일</Filter>
    </ClInclude>
    <ClInclude Include="Example_12_Vehicle.h">
      <Filter>Lesson\12. 추상클래스\VirtualFunction\헤더 파일</Filter>
    </ClInclude>
    <ClInclude Include="Example_12_Bike.h">
      <Filter>Lesson\12. 추상클래스\VirtualFunction\헤더 파일</Filter>
    </ClInclude>
    <ClInclude Include="Example_12_Car.h">
      <Filter>Lesson\12. 추상클래스\VirtualFunction\헤더 파일</Filter>
    </ClInclude>
    <ClInclude Include="Example_12_AbstractUnit.h">
      <Filter>Lesson\12. 추상클래스\Abstract\헤더 파일</Filter>
    </ClInclude>
    <ClInclude Include="Example_12_AbstractPlayer.h">
      <Filter>Lesson\12. 추상클래스\Abstract\헤더 파일</Filter>
    </ClInclude>
  </ItemGroup>
</Project>